
Microsoft Visual Studio Solution File, Format Version 12.00
# Visual Studio Version 17
VisualStudioVersion = 17.14.36221.1 d17.14
MinimumVisualStudioVersion = 10.0.40219.1
Project("{2150E333-8FDC-42A3-9474-1A3956D46DE8}") = "src", "src", "{02EA681E-C7D8-13C7-8484-4AC65E1B71E8}"
EndProject
Project("{2150E333-8FDC-42A3-9474-1A3956D46DE8}") = "API", "API", "{D3446C84-A57A-446A-BD5C-F15E40598508}"
EndProject
Project("{2150E333-8FDC-42A3-9474-1A3956D46DE8}") = "Core", "Core", "{6E11FA50-E0C2-4683-83F2-22783AE77FFD}"
EndProject
Project("{2150E333-8FDC-42A3-9474-1A3956D46DE8}") = "Infrastructure", "Infrastructure", "{EFB48D51-5D8D-4B08-AF89-60514136C434}"
EndProject
Project("{FAE04EC0-301F-11D3-BF4B-00C04F79EFBC}") = "Nexus.LAS.WebApi", "Nexus.LAS.WebApi\Nexus.LAS.WebApi.csproj", "{3CF91F82-EE29-4466-81DB-BA9F772CD05F}"
EndProject
Project("{FAE04EC0-301F-11D3-BF4B-00C04F79EFBC}") = "Nexus.LAS.Application", "Nexus.LAS.Application\Nexus.LAS.Application.csproj", "{DAFFB1C4-3C33-4F25-B923-93634770E4B5}"
EndProject
Project("{FAE04EC0-301F-11D3-BF4B-00C04F79EFBC}") = "Nexus.LAS.Domain", "Nexus.Shiraa.Domain\Nexus.LAS.Domain.csproj", "{D88F4D01-C210-468C-AB4E-4FFCBB764F68}"
EndProject
Project("{FAE04EC0-301F-11D3-BF4B-00C04F79EFBC}") = "Nexus.LAS.Identity", "Nexus.LAS.Identity\Nexus.LAS.Identity.csproj", "{D017AC2B-7648-48B1-973D-D1372421827E}"
EndProject
Project("{FAE04EC0-301F-11D3-BF4B-00C04F79EFBC}") = "Nexus.LAS.Infrastructure", "Nexus.LAS.Infrastructure\Nexus.LAS.Infrastructure.csproj", "{FEF7EC46-6D78-4D0E-8CB2-51550D01F297}"
EndProject
Project("{FAE04EC0-301F-11D3-BF4B-00C04F79EFBC}") = "Nexus.LAS.Persistence", "Nexus.LAS.Persistence\Nexus.LAS.Persistence.csproj", "{3CDE726C-14CE-4BB1-BBC4-7B0FB0E2AB3B}"
EndProject
Global
	GlobalSection(SolutionConfigurationPlatforms) = preSolution
		Debug|Any CPU = Debug|Any CPU
		Release|Any CPU = Release|Any CPU
	EndGlobalSection
	GlobalSection(ProjectConfigurationPlatforms) = postSolution
		{3CF91F82-EE29-4466-81DB-BA9F772CD05F}.Debug|Any CPU.ActiveCfg = Debug|Any CPU
		{3CF91F82-EE29-4466-81DB-BA9F772CD05F}.Debug|Any CPU.Build.0 = Debug|Any CPU
		{3CF91F82-EE29-4466-81DB-BA9F772CD05F}.Release|Any CPU.ActiveCfg = Release|Any CPU
		{3CF91F82-EE29-4466-81DB-BA9F772CD05F}.Release|Any CPU.Build.0 = Release|Any CPU
		{DAFFB1C4-3C33-4F25-B923-93634770E4B5}.Debug|Any CPU.ActiveCfg = Debug|Any CPU
		{DAFFB1C4-3C33-4F25-B923-93634770E4B5}.Debug|Any CPU.Build.0 = Debug|Any CPU
		{DAFFB1C4-3C33-4F25-B923-93634770E4B5}.Release|Any CPU.ActiveCfg = Release|Any CPU
		{DAFFB1C4-3C33-4F25-B923-93634770E4B5}.Release|Any CPU.Build.0 = Release|Any CPU
		{D88F4D01-C210-468C-AB4E-4FFCBB764F68}.Debug|Any CPU.ActiveCfg = Debug|Any CPU
		{D88F4D01-C210-468C-AB4E-4FFCBB764F68}.Debug|Any CPU.Build.0 = Debug|Any CPU
		{D88F4D01-C210-468C-AB4E-4FFCBB764F68}.Release|Any CPU.ActiveCfg = Release|Any CPU
		{D88F4D01-C210-468C-AB4E-4FFCBB764F68}.Release|Any CPU.Build.0 = Release|Any CPU
		{D017AC2B-7648-48B1-973D-D1372421827E}.Debug|Any CPU.ActiveCfg = Debug|Any CPU
		{D017AC2B-7648-48B1-973D-D1372421827E}.Debug|Any CPU.Build.0 = Debug|Any CPU
		{D017AC2B-7648-48B1-973D-D1372421827E}.Release|Any CPU.ActiveCfg = Release|Any CPU
		{D017AC2B-7648-48B1-973D-D1372421827E}.Release|Any CPU.Build.0 = Release|Any CPU
		{FEF7EC46-6D78-4D0E-8CB2-51550D01F297}.Debug|Any CPU.ActiveCfg = Debug|Any CPU
		{FEF7EC46-6D78-4D0E-8CB2-51550D01F297}.Debug|Any CPU.Build.0 = Debug|Any CPU
		{FEF7EC46-6D78-4D0E-8CB2-51550D01F297}.Release|Any CPU.ActiveCfg = Release|Any CPU
		{FEF7EC46-6D78-4D0E-8CB2-51550D01F297}.Release|Any CPU.Build.0 = Release|Any CPU
		{3CDE726C-14CE-4BB1-BBC4-7B0FB0E2AB3B}.Debug|Any CPU.ActiveCfg = Debug|Any CPU
		{3CDE726C-14CE-4BB1-BBC4-7B0FB0E2AB3B}.Debug|Any CPU.Build.0 = Debug|Any CPU
		{3CDE726C-14CE-4BB1-BBC4-7B0FB0E2AB3B}.Release|Any CPU.ActiveCfg = Release|Any CPU
		{3CDE726C-14CE-4BB1-BBC4-7B0FB0E2AB3B}.Release|Any CPU.Build.0 = Release|Any CPU
	EndGlobalSection
	GlobalSection(SolutionProperties) = preSolution
		HideSolutionNode = FALSE
	EndGlobalSection
	GlobalSection(NestedProjects) = preSolution
		{D3446C84-A57A-446A-BD5C-F15E40598508} = {02EA681E-C7D8-13C7-8484-4AC65E1B71E8}
		{6E11FA50-E0C2-4683-83F2-22783AE77FFD} = {02EA681E-C7D8-13C7-8484-4AC65E1B71E8}
		{EFB48D51-5D8D-4B08-AF89-60514136C434} = {02EA681E-C7D8-13C7-8484-4AC65E1B71E8}
		{3CF91F82-EE29-4466-81DB-BA9F772CD05F} = {D3446C84-A57A-446A-BD5C-F15E40598508}
		{DAFFB1C4-3C33-4F25-B923-93634770E4B5} = {6E11FA50-E0C2-4683-83F2-22783AE77FFD}
		{D88F4D01-C210-468C-AB4E-4FFCBB764F68} = {6E11FA50-E0C2-4683-83F2-22783AE77FFD}
		{D017AC2B-7648-48B1-973D-D1372421827E} = {EFB48D51-5D8D-4B08-AF89-60514136C434}
		{FEF7EC46-6D78-4D0E-8CB2-51550D01F297} = {EFB48D51-5D8D-4B08-AF89-60514136C434}
		{3CDE726C-14CE-4BB1-BBC4-7B0FB0E2AB3B} = {EFB48D51-5D8D-4B08-AF89-60514136C434}
	EndGlobalSection
	GlobalSection(ExtensibilityGlobals) = postSolution
		SolutionGuid = {4E061870-CF71-4E2E-9C87-1C430C9E40B7}
	EndGlobalSection
EndGlobal
